
Microsoft Visual Studio Solution File, Format Version 12.00
# Visual Studio Version 17
VisualStudioVersion = 17.0.32112.339
MinimumVisualStudioVersion = 10.0.40219.1
Project("{FAE04EC0-301F-11D3-BF4B-00C04F79EFBC}") = "OOP-Lesson2-1", "OOP-Lesson2-1\OOP-Lesson2-1.csproj", "{D518EDF5-101F-4A23-9801-9C249E9CB977}"
EndProject
Global
	GlobalSection(SolutionConfigurationPlatforms) = preSolution
		Debug|Any CPU = Debug|Any CPU
		Release|Any CPU = Release|Any CPU
	EndGlobalSection
	GlobalSection(ProjectConfigurationPlatforms) = postSolution
		{D518EDF5-101F-4A23-9801-9C249E9CB977}.Debug|Any CPU.ActiveCfg = Debug|Any CPU
		{D518EDF5-101F-4A23-9801-9C249E9CB977}.Debug|Any CPU.Build.0 = Debug|Any CPU
		{D518EDF5-101F-4A23-9801-9C249E9CB977}.Release|Any CPU.ActiveCfg = Release|Any CPU
		{D518EDF5-101F-4A23-9801-9C249E9CB977}.Release|Any CPU.Build.0 = Release|Any CPU
	EndGlobalSection
	GlobalSection(SolutionProperties) = preSolution
		HideSolutionNode = FALSE
	EndGlobalSection
	GlobalSection(ExtensibilityGlobals) = postSolution
		SolutionGuid = {BC22D352-A41F-4F4B-9FF0-B2443AFF7B4B}
	EndGlobalSection
EndGlobal
