
Microsoft Visual Studio Solution File, Format Version 12.00
# Visual Studio Version 17
VisualStudioVersion = 17.0.32112.339
MinimumVisualStudioVersion = 10.0.40219.1
Project("{9A19103F-16F7-4668-BE54-9A1E7A4F7556}") = "OOP-Lesson2-1", "OOP-Lesson2-1\OOP-Lesson2-1.csproj", "{D518EDF5-101F-4A23-9801-9C249E9CB977}"
EndProject
Project("{FAE04EC0-301F-11D3-BF4B-00C04F79EFBC}") = "Lesson2-2", "Lesson2-2\Lesson2-2.csproj", "{90C1370D-E342-477A-B8D8-79842DC313DA}"
EndProject
Project("{FAE04EC0-301F-11D3-BF4B-00C04F79EFBC}") = "Lesson2-3", "Lesson2-3\Lesson2-3.csproj", "{2B92B78C-C252-49A2-9136-ABD9A033D7FE}"
EndProject
Project("{FAE04EC0-301F-11D3-BF4B-00C04F79EFBC}") = "Lesson2-4", "Lesson2-4\Lesson2-4.csproj", "{72C87F96-840D-4634-9725-1E9D8B28B339}"
EndProject
Project("{FAE04EC0-301F-11D3-BF4B-00C04F79EFBC}") = "Lesson2-5", "Lesson2-5\Lesson2-5.csproj", "{34E7717B-1729-4B0E-8CF2-5D4FA8BBA2B5}"
EndProject
Global
	GlobalSection(SolutionConfigurationPlatforms) = preSolution
		Debug|Any CPU = Debug|Any CPU
		Release|Any CPU = Release|Any CPU
	EndGlobalSection
	GlobalSection(ProjectConfigurationPlatforms) = postSolution
		{D518EDF5-101F-4A23-9801-9C249E9CB977}.Debug|Any CPU.ActiveCfg = Debug|Any CPU
		{D518EDF5-101F-4A23-9801-9C249E9CB977}.Debug|Any CPU.Build.0 = Debug|Any CPU
		{D518EDF5-101F-4A23-9801-9C249E9CB977}.Release|Any CPU.ActiveCfg = Release|Any CPU
		{D518EDF5-101F-4A23-9801-9C249E9CB977}.Release|Any CPU.Build.0 = Release|Any CPU
		{90C1370D-E342-477A-B8D8-79842DC313DA}.Debug|Any CPU.ActiveCfg = Debug|Any CPU
		{90C1370D-E342-477A-B8D8-79842DC313DA}.Debug|Any CPU.Build.0 = Debug|Any CPU
		{90C1370D-E342-477A-B8D8-79842DC313DA}.Release|Any CPU.ActiveCfg = Release|Any CPU
		{90C1370D-E342-477A-B8D8-79842DC313DA}.Release|Any CPU.Build.0 = Release|Any CPU
		{2B92B78C-C252-49A2-9136-ABD9A033D7FE}.Debug|Any CPU.ActiveCfg = Debug|Any CPU
		{2B92B78C-C252-49A2-9136-ABD9A033D7FE}.Debug|Any CPU.Build.0 = Debug|Any CPU
		{2B92B78C-C252-49A2-9136-ABD9A033D7FE}.Release|Any CPU.ActiveCfg = Release|Any CPU
		{2B92B78C-C252-49A2-9136-ABD9A033D7FE}.Release|Any CPU.Build.0 = Release|Any CPU
		{72C87F96-840D-4634-9725-1E9D8B28B339}.Debug|Any CPU.ActiveCfg = Debug|Any CPU
		{72C87F96-840D-4634-9725-1E9D8B28B339}.Debug|Any CPU.Build.0 = Debug|Any CPU
		{72C87F96-840D-4634-9725-1E9D8B28B339}.Release|Any CPU.ActiveCfg = Release|Any CPU
		{72C87F96-840D-4634-9725-1E9D8B28B339}.Release|Any CPU.Build.0 = Release|Any CPU
		{34E7717B-1729-4B0E-8CF2-5D4FA8BBA2B5}.Debug|Any CPU.ActiveCfg = Debug|Any CPU
		{34E7717B-1729-4B0E-8CF2-5D4FA8BBA2B5}.Debug|Any CPU.Build.0 = Debug|Any CPU
		{34E7717B-1729-4B0E-8CF2-5D4FA8BBA2B5}.Release|Any CPU.ActiveCfg = Release|Any CPU
		{34E7717B-1729-4B0E-8CF2-5D4FA8BBA2B5}.Release|Any CPU.Build.0 = Release|Any CPU
	EndGlobalSection
	GlobalSection(SolutionProperties) = preSolution
		HideSolutionNode = FALSE
	EndGlobalSection
	GlobalSection(ExtensibilityGlobals) = postSolution
		SolutionGuid = {BC22D352-A41F-4F4B-9FF0-B2443AFF7B4B}
	EndGlobalSection
EndGlobal
